
Microsoft Visual Studio Solution File, Format Version 12.00
# Visual Studio Version 17
VisualStudioVersion = 17.9.34701.34
MinimumVisualStudioVersion = 10.0.40219.1
Project("{FAE04EC0-301F-11D3-BF4B-00C04F79EFBC}") = "MPT UpdaterV2", "MPT UpdaterV2.csproj", "{2B95CE0D-E439-4580-A663-7ED3F6CF4D00}"
EndProject
Global
	GlobalSection(SolutionConfigurationPlatforms) = preSolution
		Debug|Any CPU = Debug|Any CPU
		Release|Any CPU = Release|Any CPU
	EndGlobalSection
	GlobalSection(ProjectConfigurationPlatforms) = postSolution
		{2B95CE0D-E439-4580-A663-7ED3F6CF4D00}.Debug|Any CPU.ActiveCfg = Debug|Any CPU
		{2B95CE0D-E439-4580-A663-7ED3F6CF4D00}.Debug|Any CPU.Build.0 = Debug|Any CPU
		{2B95CE0D-E439-4580-A663-7ED3F6CF4D00}.Release|Any CPU.ActiveCfg = Release|Any CPU
		{2B95CE0D-E439-4580-A663-7ED3F6CF4D00}.Release|Any CPU.Build.0 = Release|Any CPU
	EndGlobalSection
	GlobalSection(SolutionProperties) = preSolution
		HideSolutionNode = FALSE
	EndGlobalSection
	GlobalSection(ExtensibilityGlobals) = postSolution
		SolutionGuid = {29DDA289-B0F5-4993-B885-3790810F3829}
	EndGlobalSection
EndGlobal
